
Microsoft Visual Studio Solution File, Format Version 12.00
# Visual Studio Version 17
VisualStudioVersion = 17.4.33110.190
MinimumVisualStudioVersion = 10.0.40219.1
Project("{FAE04EC0-301F-11D3-BF4B-00C04F79EFBC}") = "GameOfLifeServer", "GameOfLifeServer\GameOfLifeServer.csproj", "{EFA8A1BF-93EE-4746-B65C-06C9A600211B}"
EndProject
Project("{FAE04EC0-301F-11D3-BF4B-00C04F79EFBC}") = "GameOfLifeClient", "GameOfLifeClient\GameOfLifeClient.csproj", "{CF25EC14-E15A-47AD-8B45-0018818AEB4C}"
EndProject
Global
	GlobalSection(SolutionConfigurationPlatforms) = preSolution
		Debug|Any CPU = Debug|Any CPU
		Release|Any CPU = Release|Any CPU
	EndGlobalSection
	GlobalSection(ProjectConfigurationPlatforms) = postSolution
		{EFA8A1BF-93EE-4746-B65C-06C9A600211B}.Debug|Any CPU.ActiveCfg = Debug|Any CPU
		{EFA8A1BF-93EE-4746-B65C-06C9A600211B}.Debug|Any CPU.Build.0 = Debug|Any CPU
		{EFA8A1BF-93EE-4746-B65C-06C9A600211B}.Release|Any CPU.ActiveCfg = Release|Any CPU
		{EFA8A1BF-93EE-4746-B65C-06C9A600211B}.Release|Any CPU.Build.0 = Release|Any CPU
		{CF25EC14-E15A-47AD-8B45-0018818AEB4C}.Debug|Any CPU.ActiveCfg = Debug|Any CPU
		{CF25EC14-E15A-47AD-8B45-0018818AEB4C}.Debug|Any CPU.Build.0 = Debug|Any CPU
		{CF25EC14-E15A-47AD-8B45-0018818AEB4C}.Release|Any CPU.ActiveCfg = Release|Any CPU
		{CF25EC14-E15A-47AD-8B45-0018818AEB4C}.Release|Any CPU.Build.0 = Release|Any CPU
	EndGlobalSection
	GlobalSection(SolutionProperties) = preSolution
		HideSolutionNode = FALSE
	EndGlobalSection
	GlobalSection(ExtensibilityGlobals) = postSolution
		SolutionGuid = {6A0DA3AC-9B34-4E25-B04D-4A1F39474B31}
	EndGlobalSection
EndGlobal
